// !$*UTF8*$!
{
	archiveVersion = 1;
	classes = {
	};
	objectVersion = 56;
	objects = {

/* Begin PBXBuildFile section */
		7FD047CD297C0FD70018453D /* AppDelegate.swift in Sources */ = {isa = PBXBuildFile; fileRef = 7FD047CC297C0FD70018453D /* AppDelegate.swift */; };
		7FD047CF297C0FD70018453D /* SceneDelegate.swift in Sources */ = {isa = PBXBuildFile; fileRef = 7FD047CE297C0FD70018453D /* SceneDelegate.swift */; };
		7FD047D1297C0FD70018453D /* ViewController.swift in Sources */ = {isa = PBXBuildFile; fileRef = 7FD047D0297C0FD70018453D /* ViewController.swift */; };
		7FD047D6297C0FD70018453D /* Assets.xcassets in Resources */ = {isa = PBXBuildFile; fileRef = 7FD047D5297C0FD70018453D /* Assets.xcassets */; };
		7FD047D9297C0FD70018453D /* LaunchScreen.storyboard in Resources */ = {isa = PBXBuildFile; fileRef = 7FD047D7297C0FD70018453D /* LaunchScreen.storyboard */; };
		7FD047E2297C2AED0018453D /* FieldView.swift in Sources */ = {isa = PBXBuildFile; fileRef = 7FD047E1297C2AED0018453D /* FieldView.swift */; };
		7FD047E4297C2B200018453D /* BaseView.swift in Sources */ = {isa = PBXBuildFile; fileRef = 7FD047E3297C2B200018453D /* BaseView.swift */; };
		7FD047E7297C2B740018453D /* ConstraintsExtensions.swift in Sources */ = {isa = PBXBuildFile; fileRef = 7FD047E6297C2B740018453D /* ConstraintsExtensions.swift */; };
		7FD047EA297C38130018453D /* Labels.swift in Sources */ = {isa = PBXBuildFile; fileRef = 7FD047E9297C38130018453D /* Labels.swift */; };
		7FD047EC297C386F0018453D /* ImageViews.swift in Sources */ = {isa = PBXBuildFile; fileRef = 7FD047EB297C386F0018453D /* ImageViews.swift */; };
		7FD047EE297C3A290018453D /* UIViews.swift in Sources */ = {isa = PBXBuildFile; fileRef = 7FD047ED297C3A290018453D /* UIViews.swift */; };
		7FD047F0297C5C8E0018453D /* TextFields.swift in Sources */ = {isa = PBXBuildFile; fileRef = 7FD047EF297C5C8E0018453D /* TextFields.swift */; };
		7FD047F2297C68D20018453D /* FormModel.swift in Sources */ = {isa = PBXBuildFile; fileRef = 7FD047F1297C68D20018453D /* FormModel.swift */; };
		7FD047F4297D4C440018453D /* PickerField.swift in Sources */ = {isa = PBXBuildFile; fileRef = 7FD047F3297D4C440018453D /* PickerField.swift */; };
/* End PBXBuildFile section */

/* Begin PBXFileReference section */
		7FD047C9297C0FD70018453D /* DynamicContent.app */ = {isa = PBXFileReference; explicitFileType = wrapper.application; includeInIndex = 0; path = DynamicContent.app; sourceTree = BUILT_PRODUCTS_DIR; };
		7FD047CC297C0FD70018453D /* AppDelegate.swift */ = {isa = PBXFileReference; lastKnownFileType = sourcecode.swift; path = AppDelegate.swift; sourceTree = "<group>"; };
		7FD047CE297C0FD70018453D /* SceneDelegate.swift */ = {isa = PBXFileReference; lastKnownFileType = sourcecode.swift; path = SceneDelegate.swift; sourceTree = "<group>"; };
		7FD047D0297C0FD70018453D /* ViewController.swift */ = {isa = PBXFileReference; lastKnownFileType = sourcecode.swift; path = ViewController.swift; sourceTree = "<group>"; };
		7FD047D5297C0FD70018453D /* Assets.xcassets */ = {isa = PBXFileReference; lastKnownFileType = folder.assetcatalog; path = Assets.xcassets; sourceTree = "<group>"; };
		7FD047D8297C0FD70018453D /* Base */ = {isa = PBXFileReference; lastKnownFileType = file.storyboard; name = Base; path = Base.lproj/LaunchScreen.storyboard; sourceTree = "<group>"; };
		7FD047DA297C0FD70018453D /* Info.plist */ = {isa = PBXFileReference; lastKnownFileType = text.plist.xml; path = Info.plist; sourceTree = "<group>"; };
		7FD047E1297C2AED0018453D /* FieldView.swift */ = {isa = PBXFileReference; lastKnownFileType = sourcecode.swift; path = FieldView.swift; sourceTree = "<group>"; };
		7FD047E3297C2B200018453D /* BaseView.swift */ = {isa = PBXFileReference; lastKnownFileType = sourcecode.swift; path = BaseView.swift; sourceTree = "<group>"; };
		7FD047E6297C2B740018453D /* ConstraintsExtensions.swift */ = {isa = PBXFileReference; lastKnownFileType = sourcecode.swift; path = ConstraintsExtensions.swift; sourceTree = "<group>"; };
		7FD047E9297C38130018453D /* Labels.swift */ = {isa = PBXFileReference; lastKnownFileType = sourcecode.swift; path = Labels.swift; sourceTree = "<group>"; };
		7FD047EB297C386F0018453D /* ImageViews.swift */ = {isa = PBXFileReference; lastKnownFileType = sourcecode.swift; path = ImageViews.swift; sourceTree = "<group>"; };
		7FD047ED297C3A290018453D /* UIViews.swift */ = {isa = PBXFileReference; lastKnownFileType = sourcecode.swift; path = UIViews.swift; sourceTree = "<group>"; };
		7FD047EF297C5C8E0018453D /* TextFields.swift */ = {isa = PBXFileReference; lastKnownFileType = sourcecode.swift; path = TextFields.swift; sourceTree = "<group>"; };
		7FD047F1297C68D20018453D /* FormModel.swift */ = {isa = PBXFileReference; lastKnownFileType = sourcecode.swift; path = FormModel.swift; sourceTree = "<group>"; };
		7FD047F3297D4C440018453D /* PickerField.swift */ = {isa = PBXFileReference; lastKnownFileType = sourcecode.swift; path = PickerField.swift; sourceTree = "<group>"; };
/* End PBXFileReference section */

/* Begin PBXFrameworksBuildPhase section */
		7FD047C6297C0FD70018453D /* Frameworks */ = {
			isa = PBXFrameworksBuildPhase;
			buildActionMask = 2147483647;
			files = (
			);
			runOnlyForDeploymentPostprocessing = 0;
		};
/* End PBXFrameworksBuildPhase section */

/* Begin PBXGroup section */
		7FD047C0297C0FD70018453D = {
			isa = PBXGroup;
			children = (
				7FD047CB297C0FD70018453D /* DynamicContent */,
				7FD047CA297C0FD70018453D /* Products */,
			);
			sourceTree = "<group>";
		};
		7FD047CA297C0FD70018453D /* Products */ = {
			isa = PBXGroup;
			children = (
				7FD047C9297C0FD70018453D /* DynamicContent.app */,
			);
			name = Products;
			sourceTree = "<group>";
		};
		7FD047CB297C0FD70018453D /* DynamicContent */ = {
			isa = PBXGroup;
			children = (
				7FD047E8297C38080018453D /* Deisgn */,
				7FD047E5297C2B530018453D /* Extensions */,
				7FD047E0297C2AD60018453D /* CustomViews */,
				7FD047CC297C0FD70018453D /* AppDelegate.swift */,
				7FD047CE297C0FD70018453D /* SceneDelegate.swift */,
				7FD047D0297C0FD70018453D /* ViewController.swift */,
				7FD047F1297C68D20018453D /* FormModel.swift */,
				7FD047D5297C0FD70018453D /* Assets.xcassets */,
				7FD047D7297C0FD70018453D /* LaunchScreen.storyboard */,
				7FD047DA297C0FD70018453D /* Info.plist */,
			);
			path = DynamicContent;
			sourceTree = "<group>";
		};
		7FD047E0297C2AD60018453D /* CustomViews */ = {
			isa = PBXGroup;
			children = (
				7FD047E3297C2B200018453D /* BaseView.swift */,
				7FD047E1297C2AED0018453D /* FieldView.swift */,
				7FD047F3297D4C440018453D /* PickerField.swift */,
			);
			path = CustomViews;
			sourceTree = "<group>";
		};
		7FD047E5297C2B530018453D /* Extensions */ = {
			isa = PBXGroup;
			children = (
				7FD047E6297C2B740018453D /* ConstraintsExtensions.swift */,
			);
			path = Extensions;
			sourceTree = "<group>";
		};
		7FD047E8297C38080018453D /* Deisgn */ = {
			isa = PBXGroup;
			children = (
				7FD047E9297C38130018453D /* Labels.swift */,
				7FD047EB297C386F0018453D /* ImageViews.swift */,
				7FD047ED297C3A290018453D /* UIViews.swift */,
				7FD047EF297C5C8E0018453D /* TextFields.swift */,
			);
			path = Deisgn;
			sourceTree = "<group>";
		};
/* End PBXGroup section */

/* Begin PBXNativeTarget section */
		7FD047C8297C0FD70018453D /* DynamicContent */ = {
			isa = PBXNativeTarget;
			buildConfigurationList = 7FD047DD297C0FD70018453D /* Build configuration list for PBXNativeTarget "DynamicContent" */;
			buildPhases = (
				7FD047C5297C0FD70018453D /* Sources */,
				7FD047C6297C0FD70018453D /* Frameworks */,
				7FD047C7297C0FD70018453D /* Resources */,
			);
			buildRules = (
			);
			dependencies = (
			);
			name = DynamicContent;
			productName = DynamicContent;
			productReference = 7FD047C9297C0FD70018453D /* DynamicContent.app */;
			productType = "com.apple.product-type.application";
		};
/* End PBXNativeTarget section */

/* Begin PBXProject section */
		7FD047C1297C0FD70018453D /* Project object */ = {
			isa = PBXProject;
			attributes = {
				BuildIndependentTargetsInParallel = 1;
				LastSwiftUpdateCheck = 1410;
				LastUpgradeCheck = 1410;
				TargetAttributes = {
					7FD047C8297C0FD70018453D = {
						CreatedOnToolsVersion = 14.1;
					};
				};
			};
			buildConfigurationList = 7FD047C4297C0FD70018453D /* Build configuration list for PBXProject "DynamicContent" */;
			compatibilityVersion = "Xcode 14.0";
			developmentRegion = en;
			hasScannedForEncodings = 0;
			knownRegions = (
				en,
				Base,
			);
			mainGroup = 7FD047C0297C0FD70018453D;
			productRefGroup = 7FD047CA297C0FD70018453D /* Products */;
			projectDirPath = "";
			projectRoot = "";
			targets = (
				7FD047C8297C0FD70018453D /* DynamicContent */,
			);
		};
/* End PBXProject section */

/* Begin PBXResourcesBuildPhase section */
		7FD047C7297C0FD70018453D /* Resources */ = {
			isa = PBXResourcesBuildPhase;
			buildActionMask = 2147483647;
			files = (
				7FD047D9297C0FD70018453D /* LaunchScreen.storyboard in Resources */,
				7FD047D6297C0FD70018453D /* Assets.xcassets in Resources */,
			);
			runOnlyForDeploymentPostprocessing = 0;
		};
/* End PBXResourcesBuildPhase section */

/* Begin PBXSourcesBuildPhase section */
		7FD047C5297C0FD70018453D /* Sources */ = {
			isa = PBXSourcesBuildPhase;
			buildActionMask = 2147483647;
			files = (
				7FD047D1297C0FD70018453D /* ViewController.swift in Sources */,
				7FD047CD297C0FD70018453D /* AppDelegate.swift in Sources */,
				7FD047E4297C2B200018453D /* BaseView.swift in Sources */,
				7FD047F2297C68D20018453D /* FormModel.swift in Sources */,
				7FD047EA297C38130018453D /* Labels.swift in Sources */,
				7FD047EC297C386F0018453D /* ImageViews.swift in Sources */,
				7FD047F0297C5C8E0018453D /* TextFields.swift in Sources */,
				7FD047CF297C0FD70018453D /* SceneDelegate.swift in Sources */,
				7FD047F4297D4C440018453D /* PickerField.swift in Sources */,
				7FD047E7297C2B740018453D /* ConstraintsExtensions.swift in Sources */,
				7FD047E2297C2AED0018453D /* FieldView.swift in Sources */,
				7FD047EE297C3A290018453D /* UIViews.swift in Sources */,
			);
			runOnlyForDeploymentPostprocessing = 0;
		};
/* End PBXSourcesBuildPhase section */

/* Begin PBXVariantGroup section */
		7FD047D7297C0FD70018453D /* LaunchScreen.storyboard */ = {
			isa = PBXVariantGroup;
			children = (
				7FD047D8297C0FD70018453D /* Base */,
			);
			name = LaunchScreen.storyboard;
			sourceTree = "<group>";
		};
/* End PBXVariantGroup section */

/* Begin XCBuildConfiguration section */
		7FD047DB297C0FD70018453D /* Debug */ = {
			isa = XCBuildConfiguration;
			buildSettings = {
				ALWAYS_SEARCH_USER_PATHS = NO;
				CLANG_ANALYZER_NONNULL = YES;
				CLANG_ANALYZER_NUMBER_OBJECT_CONVERSION = YES_AGGRESSIVE;
				CLANG_CXX_LANGUAGE_STANDARD = "gnu++20";
				CLANG_ENABLE_MODULES = YES;
				CLANG_ENABLE_OBJC_ARC = YES;
				CLANG_ENABLE_OBJC_WEAK = YES;
				CLANG_WARN_BLOCK_CAPTURE_AUTORELEASING = YES;
				CLANG_WARN_BOOL_CONVERSION = YES;
				CLANG_WARN_COMMA = YES;
				CLANG_WARN_CONSTANT_CONVERSION = YES;
				CLANG_WARN_DEPRECATED_OBJC_IMPLEMENTATIONS = YES;
				CLANG_WARN_DIRECT_OBJC_ISA_USAGE = YES_ERROR;
				CLANG_WARN_DOCUMENTATION_COMMENTS = YES;
				CLANG_WARN_EMPTY_BODY = YES;
				CLANG_WARN_ENUM_CONVERSION = YES;
				CLANG_WARN_INFINITE_RECURSION = YES;
				CLANG_WARN_INT_CONVERSION = YES;
				CLANG_WARN_NON_LITERAL_NULL_CONVERSION = YES;
				CLANG_WARN_OBJC_IMPLICIT_RETAIN_SELF = YES;
				CLANG_WARN_OBJC_LITERAL_CONVERSION = YES;
				CLANG_WARN_OBJC_ROOT_CLASS = YES_ERROR;
				CLANG_WARN_QUOTED_INCLUDE_IN_FRAMEWORK_HEADER = YES;
				CLANG_WARN_RANGE_LOOP_ANALYSIS = YES;
				CLANG_WARN_STRICT_PROTOTYPES = YES;
				CLANG_WARN_SUSPICIOUS_MOVE = YES;
				CLANG_WARN_UNGUARDED_AVAILABILITY = YES_AGGRESSIVE;
				CLANG_WARN_UNREACHABLE_CODE = YES;
				CLANG_WARN__DUPLICATE_METHOD_MATCH = YES;
				COPY_PHASE_STRIP = NO;
				DEBUG_INFORMATION_FORMAT = dwarf;
				ENABLE_STRICT_OBJC_MSGSEND = YES;
				ENABLE_TESTABILITY = YES;
				GCC_C_LANGUAGE_STANDARD = gnu11;
				GCC_DYNAMIC_NO_PIC = NO;
				GCC_NO_COMMON_BLOCKS = YES;
				GCC_OPTIMIZATION_LEVEL = 0;
				GCC_PREPROCESSOR_DEFINITIONS = (
					"DEBUG=1",
					"$(inherited)",
				);
				GCC_WARN_64_TO_32_BIT_CONVERSION = YES;
				GCC_WARN_ABOUT_RETURN_TYPE = YES_ERROR;
				GCC_WARN_UNDECLARED_SELECTOR = YES;
				GCC_WARN_UNINITIALIZED_AUTOS = YES_AGGRESSIVE;
				GCC_WARN_UNUSED_FUNCTION = YES;
				GCC_WARN_UNUSED_VARIABLE = YES;
				IPHONEOS_DEPLOYMENT_TARGET = 16.1;
				MTL_ENABLE_DEBUG_INFO = INCLUDE_SOURCE;
				MTL_FAST_MATH = YES;
				ONLY_ACTIVE_ARCH = YES;
				SDKROOT = iphoneos;
				SWIFT_ACTIVE_COMPILATION_CONDITIONS = DEBUG;
				SWIFT_OPTIMIZATION_LEVEL = "-Onone";
			};
			name = Debug;
		};
		7FD047DC297C0FD70018453D /* Release */ = {
			isa = XCBuildConfiguration;
			buildSettings = {
				ALWAYS_SEARCH_USER_PATHS = NO;
				CLANG_ANALYZER_NONNULL = YES;
				CLANG_ANALYZER_NUMBER_OBJECT_CONVERSION = YES_AGGRESSIVE;
				CLANG_CXX_LANGUAGE_STANDARD = "gnu++20";
				CLANG_ENABLE_MODULES = YES;
				CLANG_ENABLE_OBJC_ARC = YES;
				CLANG_ENABLE_OBJC_WEAK = YES;
				CLANG_WARN_BLOCK_CAPTURE_AUTORELEASING = YES;
				CLANG_WARN_BOOL_CONVERSION = YES;
				CLANG_WARN_COMMA = YES;
				CLANG_WARN_CONSTANT_CONVERSION = YES;
				CLANG_WARN_DEPRECATED_OBJC_IMPLEMENTATIONS = YES;
				CLANG_WARN_DIRECT_OBJC_ISA_USAGE = YES_ERROR;
				CLANG_WARN_DOCUMENTATION_COMMENTS = YES;
				CLANG_WARN_EMPTY_BODY = YES;
				CLANG_WARN_ENUM_CONVERSION = YES;
				CLANG_WARN_INFINITE_RECURSION = YES;
				CLANG_WARN_INT_CONVERSION = YES;
				CLANG_WARN_NON_LITERAL_NULL_CONVERSION = YES;
				CLANG_WARN_OBJC_IMPLICIT_RETAIN_SELF = YES;
				CLANG_WARN_OBJC_LITERAL_CONVERSION = YES;
				CLANG_WARN_OBJC_ROOT_CLASS = YES_ERROR;
				CLANG_WARN_QUOTED_INCLUDE_IN_FRAMEWORK_HEADER = YES;
				CLANG_WARN_RANGE_LOOP_ANALYSIS = YES;
				CLANG_WARN_STRICT_PROTOTYPES = YES;
				CLANG_WARN_SUSPICIOUS_MOVE = YES;
				CLANG_WARN_UNGUARDED_AVAILABILITY = YES_AGGRESSIVE;
				CLANG_WARN_UNREACHABLE_CODE = YES;
				CLANG_WARN__DUPLICATE_METHOD_MATCH = YES;
				COPY_PHASE_STRIP = NO;
				DEBUG_INFORMATION_FORMAT = "dwarf-with-dsym";
				ENABLE_NS_ASSERTIONS = NO;
				ENABLE_STRICT_OBJC_MSGSEND = YES;
				GCC_C_LANGUAGE_STANDARD = gnu11;
				GCC_NO_COMMON_BLOCKS = YES;
				GCC_WARN_64_TO_32_BIT_CONVERSION = YES;
				GCC_WARN_ABOUT_RETURN_TYPE = YES_ERROR;
				GCC_WARN_UNDECLARED_SELECTOR = YES;
				GCC_WARN_UNINITIALIZED_AUTOS = YES_AGGRESSIVE;
				GCC_WARN_UNUSED_FUNCTION = YES;
				GCC_WARN_UNUSED_VARIABLE = YES;
				IPHONEOS_DEPLOYMENT_TARGET = 16.1;
				MTL_ENABLE_DEBUG_INFO = NO;
				MTL_FAST_MATH = YES;
				SDKROOT = iphoneos;
				SWIFT_COMPILATION_MODE = wholemodule;
				SWIFT_OPTIMIZATION_LEVEL = "-O";
				VALIDATE_PRODUCT = YES;
			};
			name = Release;
		};
		7FD047DE297C0FD70018453D /* Debug */ = {
			isa = XCBuildConfiguration;
			buildSettings = {
				ASSETCATALOG_COMPILER_APPICON_NAME = AppIcon;
				ASSETCATALOG_COMPILER_GLOBAL_ACCENT_COLOR_NAME = AccentColor;
				CODE_SIGN_STYLE = Automatic;
				CURRENT_PROJECT_VERSION = 1;
				GENERATE_INFOPLIST_FILE = YES;
				INFOPLIST_FILE = DynamicContent/Info.plist;
				INFOPLIST_KEY_UIApplicationSupportsIndirectInputEvents = YES;
				INFOPLIST_KEY_UILaunchStoryboardName = LaunchScreen.storyboard;
				INFOPLIST_KEY_UIMainStoryboardFile = "";
				INFOPLIST_KEY_UISupportedInterfaceOrientations_iPad = "UIInterfaceOrientationPortrait UIInterfaceOrientationPortraitUpsideDown UIInterfaceOrientationLandscapeLeft UIInterfaceOrientationLandscapeRight";
				INFOPLIST_KEY_UISupportedInterfaceOrientations_iPhone = "UIInterfaceOrientationPortrait UIInterfaceOrientationLandscapeLeft UIInterfaceOrientationLandscapeRight";
				LD_RUNPATH_SEARCH_PATHS = (
					"$(inherited)",
					"@executable_path/Frameworks",
				);
				MARKETING_VERSION = 1.0;
				PRODUCT_BUNDLE_IDENTIFIER = com.ekrem.test.DynamicContent;
				PRODUCT_NAME = "$(TARGET_NAME)";
				SWIFT_EMIT_LOC_STRINGS = YES;
				SWIFT_VERSION = 5.0;
				TARGETED_DEVICE_FAMILY = "1,2";
			};
			name = Debug;
		};
		7FD047DF297C0FD70018453D /* Release */ = {
			isa = XCBuildConfiguration;
			buildSettings = {
				ASSETCATALOG_COMPILER_APPICON_NAME = AppIcon;
				ASSETCATALOG_COMPILER_GLOBAL_ACCENT_COLOR_NAME = AccentColor;
				CODE_SIGN_STYLE = Automatic;
				CURRENT_PROJECT_VERSION = 1;
				GENERATE_INFOPLIST_FILE = YES;
				INFOPLIST_FILE = DynamicContent/Info.plist;
				INFOPLIST_KEY_UIApplicationSupportsIndirectInputEvents = YES;
				INFOPLIST_KEY_UILaunchStoryboardName = LaunchScreen.storyboard;
				INFOPLIST_KEY_UIMainStoryboardFile = "";
				INFOPLIST_KEY_UISupportedInterfaceOrientations_iPad = "UIInterfaceOrientationPortrait UIInterfaceOrientationPortraitUpsideDown UIInterfaceOrientationLandscapeLeft UIInterfaceOrientationLandscapeRight";
				INFOPLIST_KEY_UISupportedInterfaceOrientations_iPhone = "UIInterfaceOrientationPortrait UIInterfaceOrientationLandscapeLeft UIInterfaceOrientationLandscapeRight";
				LD_RUNPATH_SEARCH_PATHS = (
					"$(inherited)",
					"@executable_path/Frameworks",
				);
				MARKETING_VERSION = 1.0;
				PRODUCT_BUNDLE_IDENTIFIER = com.ekrem.test.DynamicContent;
				PRODUCT_NAME = "$(TARGET_NAME)";
				SWIFT_EMIT_LOC_STRINGS = YES;
				SWIFT_VERSION = 5.0;
				TARGETED_DEVICE_FAMILY = "1,2";
			};
			name = Release;
		};
/* End XCBuildConfiguration section */

/* Begin XCConfigurationList section */
		7FD047C4297C0FD70018453D /* Build configuration list for PBXProject "DynamicContent" */ = {
			isa = XCConfigurationList;
			buildConfigurations = (
				7FD047DB297C0FD70018453D /* Debug */,
				7FD047DC297C0FD70018453D /* Release */,
			);
			defaultConfigurationIsVisible = 0;
			defaultConfigurationName = Release;
		};
		7FD047DD297C0FD70018453D /* Build configuration list for PBXNativeTarget "DynamicContent" */ = {
			isa = XCConfigurationList;
			buildConfigurations = (
				7FD047DE297C0FD70018453D /* Debug */,
				7FD047DF297C0FD70018453D /* Release */,
			);
			defaultConfigurationIsVisible = 0;
			defaultConfigurationName = Release;
		};
/* End XCConfigurationList section */
	};
	rootObject = 7FD047C1297C0FD70018453D /* Project object */;
}
